
Microsoft Visual Studio Solution File, Format Version 12.00
# Visual Studio Version 16
VisualStudioVersion = 16.0.31313.79
MinimumVisualStudioVersion = 10.0.40219.1
Project("{FAE04EC0-301F-11D3-BF4B-00C04F79EFBC}") = "algoritma9", "algoritma9\algoritma9.csproj", "{D757E0EA-1C90-4A2F-83F8-BDF647B32304}"
EndProject
Global
	GlobalSection(SolutionConfigurationPlatforms) = preSolution
		Debug|Any CPU = Debug|Any CPU
		Release|Any CPU = Release|Any CPU
	EndGlobalSection
	GlobalSection(ProjectConfigurationPlatforms) = postSolution
		{D757E0EA-1C90-4A2F-83F8-BDF647B32304}.Debug|Any CPU.ActiveCfg = Debug|Any CPU
		{D757E0EA-1C90-4A2F-83F8-BDF647B32304}.Debug|Any CPU.Build.0 = Debug|Any CPU
		{D757E0EA-1C90-4A2F-83F8-BDF647B32304}.Release|Any CPU.ActiveCfg = Release|Any CPU
		{D757E0EA-1C90-4A2F-83F8-BDF647B32304}.Release|Any CPU.Build.0 = Release|Any CPU
	EndGlobalSection
	GlobalSection(SolutionProperties) = preSolution
		HideSolutionNode = FALSE
	EndGlobalSection
	GlobalSection(ExtensibilityGlobals) = postSolution
		SolutionGuid = {12905FC9-191C-4D5C-9406-62E782BC80D9}
	EndGlobalSection
EndGlobal
