
Microsoft Visual Studio Solution File, Format Version 12.00
# Visual Studio Version 16
VisualStudioVersion = 16.0.30907.101
MinimumVisualStudioVersion = 10.0.40219.1
Project("{FAE04EC0-301F-11D3-BF4B-00C04F79EFBC}") = "Classes", "Classes\Classes.csproj", "{F8DC51C2-CCE3-4BD9-B0E9-70ACE308158A}"
EndProject
Project("{FAE04EC0-301F-11D3-BF4B-00C04F79EFBC}") = "RecapDemo1", "RecapDemo1\RecapDemo1.csproj", "{8C76ADAF-A230-4C6E-B07A-88B06240065F}"
EndProject
Project("{FAE04EC0-301F-11D3-BF4B-00C04F79EFBC}") = "DizilerCalisma", "DizilerCalisma\DizilerCalisma.csproj", "{F4AC733A-8772-4D27-8B90-7633C2E763DD}"
EndProject
Global
	GlobalSection(SolutionConfigurationPlatforms) = preSolution
		Debug|Any CPU = Debug|Any CPU
		Release|Any CPU = Release|Any CPU
	EndGlobalSection
	GlobalSection(ProjectConfigurationPlatforms) = postSolution
		{F8DC51C2-CCE3-4BD9-B0E9-70ACE308158A}.Debug|Any CPU.ActiveCfg = Debug|Any CPU
		{F8DC51C2-CCE3-4BD9-B0E9-70ACE308158A}.Debug|Any CPU.Build.0 = Debug|Any CPU
		{F8DC51C2-CCE3-4BD9-B0E9-70ACE308158A}.Release|Any CPU.ActiveCfg = Release|Any CPU
		{F8DC51C2-CCE3-4BD9-B0E9-70ACE308158A}.Release|Any CPU.Build.0 = Release|Any CPU
		{8C76ADAF-A230-4C6E-B07A-88B06240065F}.Debug|Any CPU.ActiveCfg = Debug|Any CPU
		{8C76ADAF-A230-4C6E-B07A-88B06240065F}.Debug|Any CPU.Build.0 = Debug|Any CPU
		{8C76ADAF-A230-4C6E-B07A-88B06240065F}.Release|Any CPU.ActiveCfg = Release|Any CPU
		{8C76ADAF-A230-4C6E-B07A-88B06240065F}.Release|Any CPU.Build.0 = Release|Any CPU
		{F4AC733A-8772-4D27-8B90-7633C2E763DD}.Debug|Any CPU.ActiveCfg = Debug|Any CPU
		{F4AC733A-8772-4D27-8B90-7633C2E763DD}.Debug|Any CPU.Build.0 = Debug|Any CPU
		{F4AC733A-8772-4D27-8B90-7633C2E763DD}.Release|Any CPU.ActiveCfg = Release|Any CPU
		{F4AC733A-8772-4D27-8B90-7633C2E763DD}.Release|Any CPU.Build.0 = Release|Any CPU
	EndGlobalSection
	GlobalSection(SolutionProperties) = preSolution
		HideSolutionNode = FALSE
	EndGlobalSection
	GlobalSection(ExtensibilityGlobals) = postSolution
		SolutionGuid = {979A60F1-378E-4603-9C2A-93FD69E1B4AE}
	EndGlobalSection
EndGlobal
