
Microsoft Visual Studio Solution File, Format Version 12.00
# Visual Studio Version 16
VisualStudioVersion = 16.0.31025.194
MinimumVisualStudioVersion = 10.0.40219.1
Project("{FAE04EC0-301F-11D3-BF4B-00C04F79EFBC}") = "Algoritmalar", "Algoritmalar\Algoritmalar.csproj", "{2FEE7DFC-6DE3-497C-8738-1903AE924AB6}"
EndProject
Global
	GlobalSection(SolutionConfigurationPlatforms) = preSolution
		Debug|Any CPU = Debug|Any CPU
		Release|Any CPU = Release|Any CPU
	EndGlobalSection
	GlobalSection(ProjectConfigurationPlatforms) = postSolution
		{2FEE7DFC-6DE3-497C-8738-1903AE924AB6}.Debug|Any CPU.ActiveCfg = Debug|Any CPU
		{2FEE7DFC-6DE3-497C-8738-1903AE924AB6}.Debug|Any CPU.Build.0 = Debug|Any CPU
		{2FEE7DFC-6DE3-497C-8738-1903AE924AB6}.Release|Any CPU.ActiveCfg = Release|Any CPU
		{2FEE7DFC-6DE3-497C-8738-1903AE924AB6}.Release|Any CPU.Build.0 = Release|Any CPU
	EndGlobalSection
	GlobalSection(SolutionProperties) = preSolution
		HideSolutionNode = FALSE
	EndGlobalSection
	GlobalSection(ExtensibilityGlobals) = postSolution
		SolutionGuid = {D1282B65-01BC-478E-AD5F-2F9CF684F712}
	EndGlobalSection
EndGlobal
